// !$*UTF8*$!
{
	archiveVersion = 1;
	classes = {
	};
	objectVersion = 46;
	objects = {

/* Begin PBXBuildFile section */
		38038C871E34ED2F00D3AA81 /* AppDelegate.swift in Sources */ = {isa = PBXBuildFile; fileRef = 38038C861E34ED2F00D3AA81 /* AppDelegate.swift */; };
		38038C8E1E34ED2F00D3AA81 /* Assets.xcassets in Resources */ = {isa = PBXBuildFile; fileRef = 38038C8D1E34ED2F00D3AA81 /* Assets.xcassets */; };
		38038CA21E34EF3D00D3AA81 /* HomeViewController.swift in Sources */ = {isa = PBXBuildFile; fileRef = 38038CA11E34EF3D00D3AA81 /* HomeViewController.swift */; };
		38038CA51E34EFB900D3AA81 /* Const.swift in Sources */ = {isa = PBXBuildFile; fileRef = 38038CA41E34EFB900D3AA81 /* Const.swift */; };
		38038CA81E34F0EE00D3AA81 /* ClassifyViewController.swift in Sources */ = {isa = PBXBuildFile; fileRef = 38038CA71E34F0EE00D3AA81 /* ClassifyViewController.swift */; };
		38038CAA1E34F0FF00D3AA81 /* ProductViewController.swift in Sources */ = {isa = PBXBuildFile; fileRef = 38038CA91E34F0FF00D3AA81 /* ProductViewController.swift */; };
		38038CAC1E34F10D00D3AA81 /* MeViewController.swift in Sources */ = {isa = PBXBuildFile; fileRef = 38038CAB1E34F10D00D3AA81 /* MeViewController.swift */; };
		38038CAE1E34F14300D3AA81 /* TabBarViewController.swift in Sources */ = {isa = PBXBuildFile; fileRef = 38038CAD1E34F14300D3AA81 /* TabBarViewController.swift */; };
		38038CB01E34F1B800D3AA81 /* NavigationViewController.swift in Sources */ = {isa = PBXBuildFile; fileRef = 38038CAF1E34F1B800D3AA81 /* NavigationViewController.swift */; };
		38038CB21E34F1DD00D3AA81 /* BaseViewController.swift in Sources */ = {isa = PBXBuildFile; fileRef = 38038CB11E34F1DD00D3AA81 /* BaseViewController.swift */; };
		3812CBD51E4D906100A2F446 /* bannerCollectionViewController.swift in Sources */ = {isa = PBXBuildFile; fileRef = 3812CBD41E4D906100A2F446 /* bannerCollectionViewController.swift */; };
		3812CBD71E4D962800A2F446 /* BannerViewCell.swift in Sources */ = {isa = PBXBuildFile; fileRef = 3812CBD61E4D962800A2F446 /* BannerViewCell.swift */; };
		389CE9A61E4E055C0026590A /* UIView+Extension.swift in Sources */ = {isa = PBXBuildFile; fileRef = 389CE9A51E4E055C0026590A /* UIView+Extension.swift */; };
		389CE9A81E4E0A8C0026590A /* OrderView.swift in Sources */ = {isa = PBXBuildFile; fileRef = 389CE9A71E4E0A8C0026590A /* OrderView.swift */; };
		389CE9AA1E4F44460026590A /* NewProductCell.swift in Sources */ = {isa = PBXBuildFile; fileRef = 389CE9A91E4F44460026590A /* NewProductCell.swift */; };
		389CE9AC1E4F47040026590A /* newProductController.swift in Sources */ = {isa = PBXBuildFile; fileRef = 389CE9AB1E4F47040026590A /* newProductController.swift */; };
		389DBB3E1E363DC6008481F5 /* ButtonView.swift in Sources */ = {isa = PBXBuildFile; fileRef = 389DBB3D1E363DC6008481F5 /* ButtonView.swift */; };
		38F02B7C1E3632820035565D /* BannerCollection.swift in Sources */ = {isa = PBXBuildFile; fileRef = 38F02B7B1E3632820035565D /* BannerCollection.swift */; };
		EBAD28ED864E1A93CDE28574 /* Pods_pangu.framework in Frameworks */ = {isa = PBXBuildFile; fileRef = C70995B5288024B64A025B61 /* Pods_pangu.framework */; };
/* End PBXBuildFile section */

/* Begin PBXFileReference section */
		38038C831E34ED2F00D3AA81 /* pangu.app */ = {isa = PBXFileReference; explicitFileType = wrapper.application; includeInIndex = 0; path = pangu.app; sourceTree = BUILT_PRODUCTS_DIR; };
		38038C861E34ED2F00D3AA81 /* AppDelegate.swift */ = {isa = PBXFileReference; lastKnownFileType = sourcecode.swift; path = AppDelegate.swift; sourceTree = "<group>"; };
		38038C8D1E34ED2F00D3AA81 /* Assets.xcassets */ = {isa = PBXFileReference; lastKnownFileType = folder.assetcatalog; path = Assets.xcassets; sourceTree = "<group>"; };
		38038C921E34ED2F00D3AA81 /* Info.plist */ = {isa = PBXFileReference; lastKnownFileType = text.plist.xml; path = Info.plist; sourceTree = "<group>"; };
		38038CA11E34EF3D00D3AA81 /* HomeViewController.swift */ = {isa = PBXFileReference; fileEncoding = 4; lastKnownFileType = sourcecode.swift; path = HomeViewController.swift; sourceTree = "<group>"; };
		38038CA41E34EFB900D3AA81 /* Const.swift */ = {isa = PBXFileReference; fileEncoding = 4; lastKnownFileType = sourcecode.swift; path = Const.swift; sourceTree = "<group>"; };
		38038CA71E34F0EE00D3AA81 /* ClassifyViewController.swift */ = {isa = PBXFileReference; fileEncoding = 4; lastKnownFileType = sourcecode.swift; path = ClassifyViewController.swift; sourceTree = "<group>"; };
		38038CA91E34F0FF00D3AA81 /* ProductViewController.swift */ = {isa = PBXFileReference; fileEncoding = 4; lastKnownFileType = sourcecode.swift; path = ProductViewController.swift; sourceTree = "<group>"; };
		38038CAB1E34F10D00D3AA81 /* MeViewController.swift */ = {isa = PBXFileReference; fileEncoding = 4; lastKnownFileType = sourcecode.swift; path = MeViewController.swift; sourceTree = "<group>"; };
		38038CAD1E34F14300D3AA81 /* TabBarViewController.swift */ = {isa = PBXFileReference; fileEncoding = 4; lastKnownFileType = sourcecode.swift; path = TabBarViewController.swift; sourceTree = "<group>"; };
		38038CAF1E34F1B800D3AA81 /* NavigationViewController.swift */ = {isa = PBXFileReference; fileEncoding = 4; lastKnownFileType = sourcecode.swift; path = NavigationViewController.swift; sourceTree = "<group>"; };
		38038CB11E34F1DD00D3AA81 /* BaseViewController.swift */ = {isa = PBXFileReference; fileEncoding = 4; lastKnownFileType = sourcecode.swift; path = BaseViewController.swift; sourceTree = "<group>"; };
		3812CBD41E4D906100A2F446 /* bannerCollectionViewController.swift */ = {isa = PBXFileReference; fileEncoding = 4; lastKnownFileType = sourcecode.swift; path = bannerCollectionViewController.swift; sourceTree = "<group>"; };
		3812CBD61E4D962800A2F446 /* BannerViewCell.swift */ = {isa = PBXFileReference; fileEncoding = 4; lastKnownFileType = sourcecode.swift; path = BannerViewCell.swift; sourceTree = "<group>"; };
		389CE9A51E4E055C0026590A /* UIView+Extension.swift */ = {isa = PBXFileReference; fileEncoding = 4; lastKnownFileType = sourcecode.swift; path = "UIView+Extension.swift"; sourceTree = "<group>"; };
		389CE9A71E4E0A8C0026590A /* OrderView.swift */ = {isa = PBXFileReference; fileEncoding = 4; lastKnownFileType = sourcecode.swift; path = OrderView.swift; sourceTree = "<group>"; };
		389CE9A91E4F44460026590A /* NewProductCell.swift */ = {isa = PBXFileReference; fileEncoding = 4; lastKnownFileType = sourcecode.swift; path = NewProductCell.swift; sourceTree = "<group>"; };
		389CE9AB1E4F47040026590A /* newProductController.swift */ = {isa = PBXFileReference; fileEncoding = 4; lastKnownFileType = sourcecode.swift; path = newProductController.swift; sourceTree = "<group>"; };
		389DBB3D1E363DC6008481F5 /* ButtonView.swift */ = {isa = PBXFileReference; fileEncoding = 4; lastKnownFileType = sourcecode.swift; path = ButtonView.swift; sourceTree = "<group>"; };
		38F02B7B1E3632820035565D /* BannerCollection.swift */ = {isa = PBXFileReference; fileEncoding = 4; lastKnownFileType = sourcecode.swift; path = BannerCollection.swift; sourceTree = "<group>"; };
		883504FD6BD485DF2C063150 /* Pods-pangu.release.xcconfig */ = {isa = PBXFileReference; includeInIndex = 1; lastKnownFileType = text.xcconfig; name = "Pods-pangu.release.xcconfig"; path = "Pods/Target Support Files/Pods-pangu/Pods-pangu.release.xcconfig"; sourceTree = "<group>"; };
		9902D3BBE3437C4F39FB597E /* Pods-pangu.debug.xcconfig */ = {isa = PBXFileReference; includeInIndex = 1; lastKnownFileType = text.xcconfig; name = "Pods-pangu.debug.xcconfig"; path = "Pods/Target Support Files/Pods-pangu/Pods-pangu.debug.xcconfig"; sourceTree = "<group>"; };
		C70995B5288024B64A025B61 /* Pods_pangu.framework */ = {isa = PBXFileReference; explicitFileType = wrapper.framework; includeInIndex = 0; path = Pods_pangu.framework; sourceTree = BUILT_PRODUCTS_DIR; };
/* End PBXFileReference section */

/* Begin PBXFrameworksBuildPhase section */
		38038C801E34ED2F00D3AA81 /* Frameworks */ = {
			isa = PBXFrameworksBuildPhase;
			buildActionMask = 2147483647;
			files = (
				EBAD28ED864E1A93CDE28574 /* Pods_pangu.framework in Frameworks */,
			);
			runOnlyForDeploymentPostprocessing = 0;
		};
/* End PBXFrameworksBuildPhase section */

/* Begin PBXGroup section */
		38038C7A1E34ED2F00D3AA81 = {
			isa = PBXGroup;
			children = (
				38038C851E34ED2F00D3AA81 /* pangu */,
				38038C841E34ED2F00D3AA81 /* Products */,
				7686E186196C496EDD261F9B /* Pods */,
				E7F3198FFDA6C8FC94E75848 /* Frameworks */,
			);
			sourceTree = "<group>";
		};
		38038C841E34ED2F00D3AA81 /* Products */ = {
			isa = PBXGroup;
			children = (
				38038C831E34ED2F00D3AA81 /* pangu.app */,
			);
			name = Products;
			sourceTree = "<group>";
		};
		38038C851E34ED2F00D3AA81 /* pangu */ = {
			isa = PBXGroup;
			children = (
				38038C981E34EE3B00D3AA81 /* Home */,
				38038C991E34EE4A00D3AA81 /* Classify */,
				38038C9A1E34EE8A00D3AA81 /* Product */,
				38038C9B1E34EEA500D3AA81 /* Me */,
				38038C9D1E34EEC000D3AA81 /* Main */,
				38038C9C1E34EEB000D3AA81 /* Others */,
				38038C8D1E34ED2F00D3AA81 /* Assets.xcassets */,
				38038C921E34ED2F00D3AA81 /* Info.plist */,
			);
			path = pangu;
			sourceTree = "<group>";
		};
		38038C981E34EE3B00D3AA81 /* Home */ = {
			isa = PBXGroup;
			children = (
				38038CA01E34EEE500D3AA81 /* C */,
				38038C9F1E34EEDF00D3AA81 /* V */,
				38038C9E1E34EEDA00D3AA81 /* M */,
			);
			name = Home;
			sourceTree = "<group>";
		};
		38038C991E34EE4A00D3AA81 /* Classify */ = {
			isa = PBXGroup;
			children = (
				38038CA71E34F0EE00D3AA81 /* ClassifyViewController.swift */,
			);
			name = Classify;
			sourceTree = "<group>";
		};
		38038C9A1E34EE8A00D3AA81 /* Product */ = {
			isa = PBXGroup;
			children = (
				38038CA91E34F0FF00D3AA81 /* ProductViewController.swift */,
			);
			name = Product;
			sourceTree = "<group>";
		};
		38038C9B1E34EEA500D3AA81 /* Me */ = {
			isa = PBXGroup;
			children = (
				38038CAB1E34F10D00D3AA81 /* MeViewController.swift */,
			);
			name = Me;
			sourceTree = "<group>";
		};
		38038C9C1E34EEB000D3AA81 /* Others */ = {
			isa = PBXGroup;
			children = (
				38038C861E34ED2F00D3AA81 /* AppDelegate.swift */,
			);
			name = Others;
			sourceTree = "<group>";
		};
		38038C9D1E34EEC000D3AA81 /* Main */ = {
			isa = PBXGroup;
			children = (
				389CE9A41E4E04F20026590A /* Categroy */,
				38038CA61E34F0AD00D3AA81 /* Controllers */,
				38038CA31E34EF8C00D3AA81 /* Tools */,
			);
			name = Main;
			sourceTree = "<group>";
		};
		38038C9E1E34EEDA00D3AA81 /* M */ = {
			isa = PBXGroup;
			children = (
				38F02B7B1E3632820035565D /* BannerCollection.swift */,
			);
			name = M;
			sourceTree = "<group>";
		};
		38038C9F1E34EEDF00D3AA81 /* V */ = {
			isa = PBXGroup;
			children = (
				389DBB3D1E363DC6008481F5 /* ButtonView.swift */,
				3812CBD61E4D962800A2F446 /* BannerViewCell.swift */,
				389CE9A71E4E0A8C0026590A /* OrderView.swift */,
				389CE9A91E4F44460026590A /* NewProductCell.swift */,
			);
			name = V;
			sourceTree = "<group>";
		};
		38038CA01E34EEE500D3AA81 /* C */ = {
			isa = PBXGroup;
			children = (
				38038CA11E34EF3D00D3AA81 /* HomeViewController.swift */,
				3812CBD41E4D906100A2F446 /* bannerCollectionViewController.swift */,
				389CE9AB1E4F47040026590A /* newProductController.swift */,
			);
			name = C;
			sourceTree = "<group>";
		};
		38038CA31E34EF8C00D3AA81 /* Tools */ = {
			isa = PBXGroup;
			children = (
				38038CA41E34EFB900D3AA81 /* Const.swift */,
			);
			name = Tools;
			sourceTree = "<group>";
		};
		38038CA61E34F0AD00D3AA81 /* Controllers */ = {
			isa = PBXGroup;
			children = (
				38038CAD1E34F14300D3AA81 /* TabBarViewController.swift */,
				38038CAF1E34F1B800D3AA81 /* NavigationViewController.swift */,
				38038CB11E34F1DD00D3AA81 /* BaseViewController.swift */,
			);
			name = Controllers;
			sourceTree = "<group>";
		};
		389CE9A41E4E04F20026590A /* Categroy */ = {
			isa = PBXGroup;
			children = (
				389CE9A51E4E055C0026590A /* UIView+Extension.swift */,
			);
			name = Categroy;
			sourceTree = "<group>";
		};
		7686E186196C496EDD261F9B /* Pods */ = {
			isa = PBXGroup;
			children = (
				9902D3BBE3437C4F39FB597E /* Pods-pangu.debug.xcconfig */,
				883504FD6BD485DF2C063150 /* Pods-pangu.release.xcconfig */,
			);
			name = Pods;
			sourceTree = "<group>";
		};
		E7F3198FFDA6C8FC94E75848 /* Frameworks */ = {
			isa = PBXGroup;
			children = (
				C70995B5288024B64A025B61 /* Pods_pangu.framework */,
			);
			name = Frameworks;
			sourceTree = "<group>";
		};
/* End PBXGroup section */

/* Begin PBXNativeTarget section */
		38038C821E34ED2F00D3AA81 /* pangu */ = {
			isa = PBXNativeTarget;
			buildConfigurationList = 38038C951E34ED2F00D3AA81 /* Build configuration list for PBXNativeTarget "pangu" */;
			buildPhases = (
				19849A03ACC4151819193322 /* [CP] Check Pods Manifest.lock */,
				38038C7F1E34ED2F00D3AA81 /* Sources */,
				38038C801E34ED2F00D3AA81 /* Frameworks */,
				38038C811E34ED2F00D3AA81 /* Resources */,
				46E54B01CB64F56879F1C073 /* [CP] Embed Pods Frameworks */,
				86B053D44263590B5386C250 /* [CP] Copy Pods Resources */,
			);
			buildRules = (
			);
			dependencies = (
			);
			name = pangu;
			productName = pangu;
			productReference = 38038C831E34ED2F00D3AA81 /* pangu.app */;
			productType = "com.apple.product-type.application";
		};
/* End PBXNativeTarget section */

/* Begin PBXProject section */
		38038C7B1E34ED2F00D3AA81 /* Project object */ = {
			isa = PBXProject;
			attributes = {
				LastSwiftUpdateCheck = 0720;
				LastUpgradeCheck = 0720;
				ORGANIZATIONNAME = jim;
				TargetAttributes = {
					38038C821E34ED2F00D3AA81 = {
						CreatedOnToolsVersion = 7.2;
						DevelopmentTeam = CUMF4ZAER2;
					};
				};
			};
			buildConfigurationList = 38038C7E1E34ED2F00D3AA81 /* Build configuration list for PBXProject "pangu" */;
			compatibilityVersion = "Xcode 3.2";
			developmentRegion = English;
			hasScannedForEncodings = 0;
			knownRegions = (
				en,
				Base,
			);
			mainGroup = 38038C7A1E34ED2F00D3AA81;
			productRefGroup = 38038C841E34ED2F00D3AA81 /* Products */;
			projectDirPath = "";
			projectRoot = "";
			targets = (
				38038C821E34ED2F00D3AA81 /* pangu */,
			);
		};
/* End PBXProject section */

/* Begin PBXResourcesBuildPhase section */
		38038C811E34ED2F00D3AA81 /* Resources */ = {
			isa = PBXResourcesBuildPhase;
			buildActionMask = 2147483647;
			files = (
				38038C8E1E34ED2F00D3AA81 /* Assets.xcassets in Resources */,
			);
			runOnlyForDeploymentPostprocessing = 0;
		};
/* End PBXResourcesBuildPhase section */

/* Begin PBXShellScriptBuildPhase section */
		19849A03ACC4151819193322 /* [CP] Check Pods Manifest.lock */ = {
			isa = PBXShellScriptBuildPhase;
			buildActionMask = 2147483647;
			files = (
			);
			inputPaths = (
			);
			name = "[CP] Check Pods Manifest.lock";
			outputPaths = (
			);
			runOnlyForDeploymentPostprocessing = 0;
			shellPath = /bin/sh;
			shellScript = "diff \"${PODS_ROOT}/../Podfile.lock\" \"${PODS_ROOT}/Manifest.lock\" > /dev/null\nif [[ $? != 0 ]] ; then\n    cat << EOM\nerror: The sandbox is not in sync with the Podfile.lock. Run 'pod install' or update your CocoaPods installation.\nEOM\n    exit 1\nfi\n";
			showEnvVarsInLog = 0;
		};
		46E54B01CB64F56879F1C073 /* [CP] Embed Pods Frameworks */ = {
			isa = PBXShellScriptBuildPhase;
			buildActionMask = 2147483647;
			files = (
			);
			inputPaths = (
			);
			name = "[CP] Embed Pods Frameworks";
			outputPaths = (
			);
			runOnlyForDeploymentPostprocessing = 0;
			shellPath = /bin/sh;
			shellScript = "\"${SRCROOT}/Pods/Target Support Files/Pods-pangu/Pods-pangu-frameworks.sh\"\n";
			showEnvVarsInLog = 0;
		};
		86B053D44263590B5386C250 /* [CP] Copy Pods Resources */ = {
			isa = PBXShellScriptBuildPhase;
			buildActionMask = 2147483647;
			files = (
			);
			inputPaths = (
			);
			name = "[CP] Copy Pods Resources";
			outputPaths = (
			);
			runOnlyForDeploymentPostprocessing = 0;
			shellPath = /bin/sh;
			shellScript = "\"${SRCROOT}/Pods/Target Support Files/Pods-pangu/Pods-pangu-resources.sh\"\n";
			showEnvVarsInLog = 0;
		};
/* End PBXShellScriptBuildPhase section */

/* Begin PBXSourcesBuildPhase section */
		38038C7F1E34ED2F00D3AA81 /* Sources */ = {
			isa = PBXSourcesBuildPhase;
			buildActionMask = 2147483647;
			files = (
				389CE9AC1E4F47040026590A /* newProductController.swift in Sources */,
				38038CB01E34F1B800D3AA81 /* NavigationViewController.swift in Sources */,
				38038CAC1E34F10D00D3AA81 /* MeViewController.swift in Sources */,
				389DBB3E1E363DC6008481F5 /* ButtonView.swift in Sources */,
				38F02B7C1E3632820035565D /* BannerCollection.swift in Sources */,
				3812CBD71E4D962800A2F446 /* BannerViewCell.swift in Sources */,
				3812CBD51E4D906100A2F446 /* bannerCollectionViewController.swift in Sources */,
				38038CA81E34F0EE00D3AA81 /* ClassifyViewController.swift in Sources */,
				38038C871E34ED2F00D3AA81 /* AppDelegate.swift in Sources */,
				389CE9A61E4E055C0026590A /* UIView+Extension.swift in Sources */,
				389CE9A81E4E0A8C0026590A /* OrderView.swift in Sources */,
				389CE9AA1E4F44460026590A /* NewProductCell.swift in Sources */,
				38038CA21E34EF3D00D3AA81 /* HomeViewController.swift in Sources */,
				38038CB21E34F1DD00D3AA81 /* BaseViewController.swift in Sources */,
				38038CAE1E34F14300D3AA81 /* TabBarViewController.swift in Sources */,
				38038CAA1E34F0FF00D3AA81 /* ProductViewController.swift in Sources */,
				38038CA51E34EFB900D3AA81 /* Const.swift in Sources */,
			);
			runOnlyForDeploymentPostprocessing = 0;
		};
/* End PBXSourcesBuildPhase section */

/* Begin XCBuildConfiguration section */
		38038C931E34ED2F00D3AA81 /* Debug */ = {
			isa = XCBuildConfiguration;
			buildSettings = {
				ALWAYS_SEARCH_USER_PATHS = NO;
				CLANG_CXX_LANGUAGE_STANDARD = "gnu++0x";
				CLANG_CXX_LIBRARY = "libc++";
				CLANG_ENABLE_MODULES = YES;
				CLANG_ENABLE_OBJC_ARC = YES;
				CLANG_WARN_BOOL_CONVERSION = YES;
				CLANG_WARN_CONSTANT_CONVERSION = YES;
				CLANG_WARN_DIRECT_OBJC_ISA_USAGE = YES_ERROR;
				CLANG_WARN_EMPTY_BODY = YES;
				CLANG_WARN_ENUM_CONVERSION = YES;
				CLANG_WARN_INT_CONVERSION = YES;
				CLANG_WARN_OBJC_ROOT_CLASS = YES_ERROR;
				CLANG_WARN_UNREACHABLE_CODE = YES;
				CLANG_WARN__DUPLICATE_METHOD_MATCH = YES;
				"CODE_SIGN_IDENTITY[sdk=iphoneos*]" = "iPhone Developer";
				COPY_PHASE_STRIP = NO;
				DEBUG_INFORMATION_FORMAT = dwarf;
				ENABLE_STRICT_OBJC_MSGSEND = YES;
				ENABLE_TESTABILITY = YES;
				GCC_C_LANGUAGE_STANDARD = gnu99;
				GCC_DYNAMIC_NO_PIC = NO;
				GCC_NO_COMMON_BLOCKS = YES;
				GCC_OPTIMIZATION_LEVEL = 0;
				GCC_PREPROCESSOR_DEFINITIONS = (
					"DEBUG=1",
					"$(inherited)",
				);
				GCC_WARN_64_TO_32_BIT_CONVERSION = YES;
				GCC_WARN_ABOUT_RETURN_TYPE = YES_ERROR;
				GCC_WARN_UNDECLARED_SELECTOR = YES;
				GCC_WARN_UNINITIALIZED_AUTOS = YES_AGGRESSIVE;
				GCC_WARN_UNUSED_FUNCTION = YES;
				GCC_WARN_UNUSED_VARIABLE = YES;
				IPHONEOS_DEPLOYMENT_TARGET = 9.2;
				MTL_ENABLE_DEBUG_INFO = YES;
				ONLY_ACTIVE_ARCH = YES;
				SDKROOT = iphoneos;
				SWIFT_OPTIMIZATION_LEVEL = "-Onone";
			};
			name = Debug;
		};
		38038C941E34ED2F00D3AA81 /* Release */ = {
			isa = XCBuildConfiguration;
			buildSettings = {
				ALWAYS_SEARCH_USER_PATHS = NO;
				CLANG_CXX_LANGUAGE_STANDARD = "gnu++0x";
				CLANG_CXX_LIBRARY = "libc++";
				CLANG_ENABLE_MODULES = YES;
				CLANG_ENABLE_OBJC_ARC = YES;
				CLANG_WARN_BOOL_CONVERSION = YES;
				CLANG_WARN_CONSTANT_CONVERSION = YES;
				CLANG_WARN_DIRECT_OBJC_ISA_USAGE = YES_ERROR;
				CLANG_WARN_EMPTY_BODY = YES;
				CLANG_WARN_ENUM_CONVERSION = YES;
				CLANG_WARN_INT_CONVERSION = YES;
				CLANG_WARN_OBJC_ROOT_CLASS = YES_ERROR;
				CLANG_WARN_UNREACHABLE_CODE = YES;
				CLANG_WARN__DUPLICATE_METHOD_MATCH = YES;
				"CODE_SIGN_IDENTITY[sdk=iphoneos*]" = "iPhone Developer";
				COPY_PHASE_STRIP = NO;
				DEBUG_INFORMATION_FORMAT = "dwarf-with-dsym";
				ENABLE_NS_ASSERTIONS = NO;
				ENABLE_STRICT_OBJC_MSGSEND = YES;
				GCC_C_LANGUAGE_STANDARD = gnu99;
				GCC_NO_COMMON_BLOCKS = YES;
				GCC_WARN_64_TO_32_BIT_CONVERSION = YES;
				GCC_WARN_ABOUT_RETURN_TYPE = YES_ERROR;
				GCC_WARN_UNDECLARED_SELECTOR = YES;
				GCC_WARN_UNINITIALIZED_AUTOS = YES_AGGRESSIVE;
				GCC_WARN_UNUSED_FUNCTION = YES;
				GCC_WARN_UNUSED_VARIABLE = YES;
				IPHONEOS_DEPLOYMENT_TARGET = 9.2;
				MTL_ENABLE_DEBUG_INFO = NO;
				SDKROOT = iphoneos;
				VALIDATE_PRODUCT = YES;
			};
			name = Release;
		};
		38038C961E34ED2F00D3AA81 /* Debug */ = {
			isa = XCBuildConfiguration;
			baseConfigurationReference = 9902D3BBE3437C4F39FB597E /* Pods-pangu.debug.xcconfig */;
			buildSettings = {
				ASSETCATALOG_COMPILER_APPICON_NAME = AppIcon;
				CODE_SIGN_IDENTITY = "iPhone Developer";
				"CODE_SIGN_IDENTITY[sdk=iphoneos*]" = "iPhone Developer";
				INFOPLIST_FILE = pangu/Info.plist;
				IPHONEOS_DEPLOYMENT_TARGET = 8.3;
				LD_RUNPATH_SEARCH_PATHS = "$(inherited) @executable_path/Frameworks";
				PRODUCT_BUNDLE_IDENTIFIER = Tom.pangu;
				PRODUCT_NAME = "$(TARGET_NAME)";
				PROVISIONING_PROFILE = "";
			};
			name = Debug;
		};
		38038C971E34ED2F00D3AA81 /* Release */ = {
			isa = XCBuildConfiguration;
			baseConfigurationReference = 883504FD6BD485DF2C063150 /* Pods-pangu.release.xcconfig */;
			buildSettings = {
				ASSETCATALOG_COMPILER_APPICON_NAME = AppIcon;
				CODE_SIGN_IDENTITY = "iPhone Developer";
				"CODE_SIGN_IDENTITY[sdk=iphoneos*]" = "iPhone Developer";
				INFOPLIST_FILE = pangu/Info.plist;
				IPHONEOS_DEPLOYMENT_TARGET = 8.3;
				LD_RUNPATH_SEARCH_PATHS = "$(inherited) @executable_path/Frameworks";
				PRODUCT_BUNDLE_IDENTIFIER = Tom.pangu;
				PRODUCT_NAME = "$(TARGET_NAME)";
				PROVISIONING_PROFILE = "";
			};
			name = Release;
		};
/* End XCBuildConfiguration section */

/* Begin XCConfigurationList section */
		38038C7E1E34ED2F00D3AA81 /* Build configuration list for PBXProject "pangu" */ = {
			isa = XCConfigurationList;
			buildConfigurations = (
				38038C931E34ED2F00D3AA81 /* Debug */,
				38038C941E34ED2F00D3AA81 /* Release */,
			);
			defaultConfigurationIsVisible = 0;
			defaultConfigurationName = Release;
		};
		38038C951E34ED2F00D3AA81 /* Build configuration list for PBXNativeTarget "pangu" */ = {
			isa = XCConfigurationList;
			buildConfigurations = (
				38038C961E34ED2F00D3AA81 /* Debug */,
				38038C971E34ED2F00D3AA81 /* Release */,
			);
			defaultConfigurationIsVisible = 0;
			defaultConfigurationName = Release;
		};
/* End XCConfigurationList section */
	};
	rootObject = 38038C7B1E34ED2F00D3AA81 /* Project object */;
}
